# This file was autogenerated by uv via the following command:
#    uv pip compile requirements-dev.txt -o requirements.lock
absl-py==2.5.0
    # via
    #   keras-nightly
    #   tensorflow
annotated-doc==0.0.5
    # via fastapi
annotated-types==0.8.0
    # via pydantic
anyio==4.15.1
    # via
    #   httpx
    #   starlette
    #   watchfiles
astunparse==1.6.3
    # via tensorflow
certifi==2026.7.22
    # via
    #   httpcore
    #   httpx
    #   requests
charset-normalizer==3.5.2
    # via requests
click==8.5.0
    # via uvicorn
colorama==0.4.6
    # via pytest
fastapi==0.142.2
    # via -r requirements.txt
flatbuffers==25.12.19
    # via tensorflow
gast==0.7.0
    # via tensorflow
google-pasta==0.2.0
    # via tensorflow
grpcio==1.84.0
    # via tensorflow
h11==0.16.0
    # via
    #   httpcore
    #   uvicorn
h5py==3.15.1
    # via
    #   keras-nightly
    #   tensorflow
httpcore==1.0.9
    # via httpx
httptools==0.8.0
    # via uvicorn
httpx==0.28.1
    # via -r requirements.txt
idna==3.20
    # via
    #   anyio
    #   httpx
    #   requests
iniconfig==2.3.1
    # via pytest
keras-nightly==3.16.0.dev2026100704
    # via tensorflow
libclang==18.1.1
    # via tensorflow
markdown-it-py==4.2.0
    # via rich
mdurl==0.1.2
    # via markdown-it-py
ml-dtypes==0.6.0
    # via
    #   keras-nightly
    #   tensorflow
namex==0.1.0
    # via keras-nightly
numpy==2.5.3
    # via
    #   -r requirements-tf.txt
    #   h5py
    #   keras-nightly
    #   ml-dtypes
    #   opencv-python
    #   tensorflow
opencv-python==5.0.0.93
    # via -r requirements.txt
opentelemetry-api==1.45.1
    # via fastapi
opt-einsum==3.4.0
    # via tensorflow
optree==0.20.0
    # via keras-nightly
packaging==26.3
    # via
    #   keras-nightly
    #   pytest
    #   tensorflow
    #   wheel
pluggy==1.6.0
    # via pytest
protobuf==7.36.2
    # via tensorflow
pydantic==2.13.5
    # via
    #   fastapi
    #   pydantic-settings
pydantic-core==2.46.5
    # via pydantic
pydantic-settings==2.15.0
    # via -r requirements.txt
pygments==2.21.0
    # via
    #   pytest
    #   rich
pytest==9.1.1
    # via -r requirements-dev.txt
python-dotenv==1.2.4
    # via
    #   pydantic-settings
    #   uvicorn
python-multipart==0.0.32
    # via -r requirements.txt
pyyaml==6.0.3
    # via uvicorn
requests==2.34.2
    # via tensorflow
rich==15.0.0
    # via keras-nightly
six==1.17.0
    # via
    #   astunparse
    #   google-pasta
    #   tensorflow
starlette==1.7.0
    # via fastapi
tensorflow==2.22.0rc0
    # via -r requirements-tf.txt
termcolor==3.3.0
    # via tensorflow
typing-extensions==4.16.0
    # via
    #   anyio
    #   fastapi
    #   grpcio
    #   opentelemetry-api
    #   optree
    #   pydantic
    #   pydantic-core
    #   tensorflow
    #   typing-inspection
typing-inspection==0.4.4
    # via
    #   fastapi
    #   pydantic
    #   pydantic-settings
urllib3==2.8.0
    # via requests
uvicorn==0.54.0
    # via -r requirements.txt
watchfiles==1.3.0
    # via uvicorn
websockets==17.2
    # via uvicorn
wheel==0.48.0
    # via astunparse
wrapt==2.5.0
    # via tensorflow
